
Microsoft Visual Studio Solution File, Format Version 12.00
# Visual Studio Version 17
VisualStudioVersion = 17.6.33801.468
MinimumVisualStudioVersion = 10.0.40219.1
Project("{FAE04EC0-301F-11D3-BF4B-00C04F79EFBC}") = "Sprite Animated Crystal Hearts", "Sprite Animated Crystal Hearts.csproj", "{BC657048-3238-4B29-899F-9D248569CCFD}"
EndProject
Global
	GlobalSection(SolutionConfigurationPlatforms) = preSolution
		Debug|Any CPU = Debug|Any CPU
		Release|Any CPU = Release|Any CPU
	EndGlobalSection
	GlobalSection(ProjectConfigurationPlatforms) = postSolution
		{BC657048-3238-4B29-899F-9D248569CCFD}.Debug|Any CPU.ActiveCfg = Debug|Any CPU
		{BC657048-3238-4B29-899F-9D248569CCFD}.Debug|Any CPU.Build.0 = Debug|Any CPU
		{BC657048-3238-4B29-899F-9D248569CCFD}.Release|Any CPU.ActiveCfg = Release|Any CPU
		{BC657048-3238-4B29-899F-9D248569CCFD}.Release|Any CPU.Build.0 = Release|Any CPU
	EndGlobalSection
	GlobalSection(SolutionProperties) = preSolution
		HideSolutionNode = FALSE
	EndGlobalSection
	GlobalSection(ExtensibilityGlobals) = postSolution
		SolutionGuid = {536E254B-D5E8-4892-855E-2A9E16C9058C}
	EndGlobalSection
EndGlobal
